
Microsoft Visual Studio Solution File, Format Version 12.00
# Visual Studio Version 17
VisualStudioVersion = 17.1.32120.378
MinimumVisualStudioVersion = 10.0.40219.1
Project("{FAE04EC0-301F-11D3-BF4B-00C04F79EFBC}") = "laba20v3", "laba20v3.csproj", "{A352ABC7-AF7B-4CD5-9484-A70E2BAB4FDF}"
EndProject
Global
	GlobalSection(SolutionConfigurationPlatforms) = preSolution
		Debug|Any CPU = Debug|Any CPU
		Release|Any CPU = Release|Any CPU
	EndGlobalSection
	GlobalSection(ProjectConfigurationPlatforms) = postSolution
		{A352ABC7-AF7B-4CD5-9484-A70E2BAB4FDF}.Debug|Any CPU.ActiveCfg = Debug|Any CPU
		{A352ABC7-AF7B-4CD5-9484-A70E2BAB4FDF}.Debug|Any CPU.Build.0 = Debug|Any CPU
		{A352ABC7-AF7B-4CD5-9484-A70E2BAB4FDF}.Release|Any CPU.ActiveCfg = Release|Any CPU
		{A352ABC7-AF7B-4CD5-9484-A70E2BAB4FDF}.Release|Any CPU.Build.0 = Release|Any CPU
	EndGlobalSection
	GlobalSection(SolutionProperties) = preSolution
		HideSolutionNode = FALSE
	EndGlobalSection
	GlobalSection(ExtensibilityGlobals) = postSolution
		SolutionGuid = {4FEC52E2-5FB4-4957-80F7-93FE54D1A9A3}
	EndGlobalSection
EndGlobal
